
Microsoft Visual Studio Solution File, Format Version 12.00
Project("{2150E333-8FDC-42A3-9474-1A3956D46DE8}") = "src", "src", "{827E0CD3-B72D-47B6-A68D-7590B98EB39B}"
EndProject
Project("{2150E333-8FDC-42A3-9474-1A3956D46DE8}") = "Shared", "Shared", "{C8E42992-5E42-0C2B-DBFE-AA848D06431C}"
EndProject
Project("{FAE04EC0-301F-11D3-BF4B-00C04F79EFBC}") = "BankingApp.Shared", "src\Shared\BankingApp.Shared\BankingApp.Shared.csproj", "{E191D29F-701D-4C6C-B143-11ED8827D995}"
EndProject
Project("{2150E333-8FDC-42A3-9474-1A3956D46DE8}") = "ApiGateway", "ApiGateway", "{FCA01246-F2C6-0AA7-D43F-FD13BE0B9D88}"
EndProject
Project("{FAE04EC0-301F-11D3-BF4B-00C04F79EFBC}") = "BankingApp.Gateway", "src\ApiGateway\BankingApp.Gateway\BankingApp.Gateway.csproj", "{6A30F8DF-7BB0-42A9-857A-6A7E50918F66}"
EndProject
Project("{2150E333-8FDC-42A3-9474-1A3956D46DE8}") = "Services", "Services", "{984BB9B3-3FA3-BE33-9484-CAC21695A33C}"
EndProject
Project("{2150E333-8FDC-42A3-9474-1A3956D46DE8}") = "CheckingAccountService", "CheckingAccountService", "{3E2B1DF2-DE05-3575-DF2D-36857C4CF1E7}"
EndProject
Project("{FAE04EC0-301F-11D3-BF4B-00C04F79EFBC}") = "BankingApp.CheckingAccountService.Domain", "src\Services\CheckingAccountService\BankingApp.CheckingAccountService.Domain\BankingApp.CheckingAccountService.Domain.csproj", "{76558B7D-240D-40D1-99F0-B1C2AA32AF69}"
EndProject
Project("{FAE04EC0-301F-11D3-BF4B-00C04F79EFBC}") = "BankingApp.CheckingAccountService.Application", "src\Services\CheckingAccountService\BankingApp.CheckingAccountService.Application\BankingApp.CheckingAccountService.Application.csproj", "{AB6EB271-BD7F-4D38-B780-04EB69B248CD}"
EndProject
Project("{FAE04EC0-301F-11D3-BF4B-00C04F79EFBC}") = "BankingApp.CheckingAccountService.Infrastructure", "src\Services\CheckingAccountService\BankingApp.CheckingAccountService.Infrastructure\BankingApp.CheckingAccountService.Infrastructure.csproj", "{4DA5C191-4B57-4982-AAD5-246E488B077F}"
EndProject
Project("{FAE04EC0-301F-11D3-BF4B-00C04F79EFBC}") = "BankingApp.CheckingAccountService.Api", "src\Services\CheckingAccountService\BankingApp.CheckingAccountService.Api\BankingApp.CheckingAccountService.Api.csproj", "{93B94419-A1EB-4BE7-A39F-2471EF4D3818}"
EndProject
Project("{2150E333-8FDC-42A3-9474-1A3956D46DE8}") = "TransferService", "TransferService", "{A66F80FE-429C-45A7-1CBF-DEDEAA960A88}"
EndProject
Project("{FAE04EC0-301F-11D3-BF4B-00C04F79EFBC}") = "BankingApp.TransferService.Domain", "src\Services\TransferService\BankingApp.TransferService.Domain\BankingApp.TransferService.Domain.csproj", "{EE3A9202-479E-4555-8B41-D6EE94B1E784}"
EndProject
Project("{FAE04EC0-301F-11D3-BF4B-00C04F79EFBC}") = "BankingApp.TransferService.Application", "src\Services\TransferService\BankingApp.TransferService.Application\BankingApp.TransferService.Application.csproj", "{3634965B-2948-4C9A-B7CF-9D4A7E1B7D94}"
EndProject
Project("{FAE04EC0-301F-11D3-BF4B-00C04F79EFBC}") = "BankingApp.TransferService.Infrastructure", "src\Services\TransferService\BankingApp.TransferService.Infrastructure\BankingApp.TransferService.Infrastructure.csproj", "{A1500806-6F5A-4E4F-93B6-F12AB7711105}"
EndProject
Project("{FAE04EC0-301F-11D3-BF4B-00C04F79EFBC}") = "BankingApp.TransferService.Api", "src\Services\TransferService\BankingApp.TransferService.Api\BankingApp.TransferService.Api.csproj", "{36D3AF3E-96DF-429A-8371-38E4766E6F00}"
EndProject
Project("{2150E333-8FDC-42A3-9474-1A3956D46DE8}") = "FeeService", "FeeService", "{F38C1DC7-5107-8C8B-527A-C052FA991E90}"
EndProject
Project("{FAE04EC0-301F-11D3-BF4B-00C04F79EFBC}") = "BankingApp.FeeService.Domain", "src\Services\FeeService\BankingApp.FeeService.Domain\BankingApp.FeeService.Domain.csproj", "{C78FF901-9AA8-498B-9AF1-2D963EE42C77}"
EndProject
Project("{FAE04EC0-301F-11D3-BF4B-00C04F79EFBC}") = "BankingApp.FeeService.Application", "src\Services\FeeService\BankingApp.FeeService.Application\BankingApp.FeeService.Application.csproj", "{9838E955-6C0B-410B-B87A-8F76CA495287}"
EndProject
Project("{FAE04EC0-301F-11D3-BF4B-00C04F79EFBC}") = "BankingApp.FeeService.Infrastructure", "src\Services\FeeService\BankingApp.FeeService.Infrastructure\BankingApp.FeeService.Infrastructure.csproj", "{24983309-0512-4A2F-A863-AA0DD6C2F98B}"
EndProject
Project("{FAE04EC0-301F-11D3-BF4B-00C04F79EFBC}") = "BankingApp.FeeService.Worker", "src\Services\FeeService\BankingApp.FeeService.Worker\BankingApp.FeeService.Worker.csproj", "{2A1E1E85-0153-4313-92DB-CE7B7874EDB4}"
EndProject
Project("{2150E333-8FDC-42A3-9474-1A3956D46DE8}") = "tests", "tests", "{D8F3A1B2-9C4E-4D6F-8A7B-1E5F2C3D4A5B}"
EndProject
Project("{FAE04EC0-301F-11D3-BF4B-00C04F79EFBC}") = "CheckingAccountService.UnitTests", "tests\CheckingAccountService.UnitTests\CheckingAccountService.UnitTests.csproj", "{A1B2C3D4-E5F6-4A5B-9C8D-7E6F5A4B3C2D}"
EndProject
Project("{FAE04EC0-301F-11D3-BF4B-00C04F79EFBC}") = "TransferService.UnitTests", "tests\TransferService.UnitTests\TransferService.UnitTests.csproj", "{B2C3D4E5-F6A7-5B6C-AD9E-8F7A6B5C4D3E}"
EndProject
Project("{FAE04EC0-301F-11D3-BF4B-00C04F79EFBC}") = "FeeService.UnitTests", "tests\FeeService.UnitTests\FeeService.UnitTests.csproj", "{C3D4E5F6-A7B8-6C7D-BE0F-9A8B7C6D5E4F}"
EndProject
Global
	GlobalSection(SolutionConfigurationPlatforms) = preSolution
		Debug|Any CPU = Debug|Any CPU
		Debug|x64 = Debug|x64
		Debug|x86 = Debug|x86
		Release|Any CPU = Release|Any CPU
		Release|x64 = Release|x64
		Release|x86 = Release|x86
	EndGlobalSection
	GlobalSection(ProjectConfigurationPlatforms) = postSolution
		{E191D29F-701D-4C6C-B143-11ED8827D995}.Debug|Any CPU.ActiveCfg = Debug|Any CPU
		{E191D29F-701D-4C6C-B143-11ED8827D995}.Debug|Any CPU.Build.0 = Debug|Any CPU
		{E191D29F-701D-4C6C-B143-11ED8827D995}.Debug|x64.ActiveCfg = Debug|Any CPU
		{E191D29F-701D-4C6C-B143-11ED8827D995}.Debug|x64.Build.0 = Debug|Any CPU
		{E191D29F-701D-4C6C-B143-11ED8827D995}.Debug|x86.ActiveCfg = Debug|Any CPU
		{E191D29F-701D-4C6C-B143-11ED8827D995}.Debug|x86.Build.0 = Debug|Any CPU
		{E191D29F-701D-4C6C-B143-11ED8827D995}.Release|Any CPU.ActiveCfg = Release|Any CPU
		{E191D29F-701D-4C6C-B143-11ED8827D995}.Release|Any CPU.Build.0 = Release|Any CPU
		{E191D29F-701D-4C6C-B143-11ED8827D995}.Release|x64.ActiveCfg = Release|Any CPU
		{E191D29F-701D-4C6C-B143-11ED8827D995}.Release|x64.Build.0 = Release|Any CPU
		{E191D29F-701D-4C6C-B143-11ED8827D995}.Release|x86.ActiveCfg = Release|Any CPU
		{E191D29F-701D-4C6C-B143-11ED8827D995}.Release|x86.Build.0 = Release|Any CPU
		{6A30F8DF-7BB0-42A9-857A-6A7E50918F66}.Debug|Any CPU.ActiveCfg = Debug|Any CPU
		{6A30F8DF-7BB0-42A9-857A-6A7E50918F66}.Debug|Any CPU.Build.0 = Debug|Any CPU
		{6A30F8DF-7BB0-42A9-857A-6A7E50918F66}.Debug|x64.ActiveCfg = Debug|Any CPU
		{6A30F8DF-7BB0-42A9-857A-6A7E50918F66}.Debug|x64.Build.0 = Debug|Any CPU
		{6A30F8DF-7BB0-42A9-857A-6A7E50918F66}.Debug|x86.ActiveCfg = Debug|Any CPU
		{6A30F8DF-7BB0-42A9-857A-6A7E50918F66}.Debug|x86.Build.0 = Debug|Any CPU
		{6A30F8DF-7BB0-42A9-857A-6A7E50918F66}.Release|Any CPU.ActiveCfg = Release|Any CPU
		{6A30F8DF-7BB0-42A9-857A-6A7E50918F66}.Release|Any CPU.Build.0 = Release|Any CPU
		{6A30F8DF-7BB0-42A9-857A-6A7E50918F66}.Release|x64.ActiveCfg = Release|Any CPU
		{6A30F8DF-7BB0-42A9-857A-6A7E50918F66}.Release|x64.Build.0 = Release|Any CPU
		{6A30F8DF-7BB0-42A9-857A-6A7E50918F66}.Release|x86.ActiveCfg = Release|Any CPU
		{6A30F8DF-7BB0-42A9-857A-6A7E50918F66}.Release|x86.Build.0 = Release|Any CPU
		{76558B7D-240D-40D1-99F0-B1C2AA32AF69}.Debug|Any CPU.ActiveCfg = Debug|Any CPU
		{76558B7D-240D-40D1-99F0-B1C2AA32AF69}.Debug|Any CPU.Build.0 = Debug|Any CPU
		{76558B7D-240D-40D1-99F0-B1C2AA32AF69}.Debug|x64.ActiveCfg = Debug|Any CPU
		{76558B7D-240D-40D1-99F0-B1C2AA32AF69}.Debug|x64.Build.0 = Debug|Any CPU
		{76558B7D-240D-40D1-99F0-B1C2AA32AF69}.Debug|x86.ActiveCfg = Debug|Any CPU
		{76558B7D-240D-40D1-99F0-B1C2AA32AF69}.Debug|x86.Build.0 = Debug|Any CPU
		{76558B7D-240D-40D1-99F0-B1C2AA32AF69}.Release|Any CPU.ActiveCfg = Release|Any CPU
		{76558B7D-240D-40D1-99F0-B1C2AA32AF69}.Release|Any CPU.Build.0 = Release|Any CPU
		{76558B7D-240D-40D1-99F0-B1C2AA32AF69}.Release|x64.ActiveCfg = Release|Any CPU
		{76558B7D-240D-40D1-99F0-B1C2AA32AF69}.Release|x64.Build.0 = Release|Any CPU
		{76558B7D-240D-40D1-99F0-B1C2AA32AF69}.Release|x86.ActiveCfg = Release|Any CPU
		{76558B7D-240D-40D1-99F0-B1C2AA32AF69}.Release|x86.Build.0 = Release|Any CPU
		{AB6EB271-BD7F-4D38-B780-04EB69B248CD}.Debug|Any CPU.ActiveCfg = Debug|Any CPU
		{AB6EB271-BD7F-4D38-B780-04EB69B248CD}.Debug|Any CPU.Build.0 = Debug|Any CPU
		{AB6EB271-BD7F-4D38-B780-04EB69B248CD}.Debug|x64.ActiveCfg = Debug|Any CPU
		{AB6EB271-BD7F-4D38-B780-04EB69B248CD}.Debug|x64.Build.0 = Debug|Any CPU
		{AB6EB271-BD7F-4D38-B780-04EB69B248CD}.Debug|x86.ActiveCfg = Debug|Any CPU
		{AB6EB271-BD7F-4D38-B780-04EB69B248CD}.Debug|x86.Build.0 = Debug|Any CPU
		{AB6EB271-BD7F-4D38-B780-04EB69B248CD}.Release|Any CPU.ActiveCfg = Release|Any CPU
		{AB6EB271-BD7F-4D38-B780-04EB69B248CD}.Release|Any CPU.Build.0 = Release|Any CPU
		{AB6EB271-BD7F-4D38-B780-04EB69B248CD}.Release|x64.ActiveCfg = Release|Any CPU
		{AB6EB271-BD7F-4D38-B780-04EB69B248CD}.Release|x64.Build.0 = Release|Any CPU
		{AB6EB271-BD7F-4D38-B780-04EB69B248CD}.Release|x86.ActiveCfg = Release|Any CPU
		{AB6EB271-BD7F-4D38-B780-04EB69B248CD}.Release|x86.Build.0 = Release|Any CPU
		{4DA5C191-4B57-4982-AAD5-246E488B077F}.Debug|Any CPU.ActiveCfg = Debug|Any CPU
		{4DA5C191-4B57-4982-AAD5-246E488B077F}.Debug|Any CPU.Build.0 = Debug|Any CPU
		{4DA5C191-4B57-4982-AAD5-246E488B077F}.Debug|x64.ActiveCfg = Debug|Any CPU
		{4DA5C191-4B57-4982-AAD5-246E488B077F}.Debug|x64.Build.0 = Debug|Any CPU
		{4DA5C191-4B57-4982-AAD5-246E488B077F}.Debug|x86.ActiveCfg = Debug|Any CPU
		{4DA5C191-4B57-4982-AAD5-246E488B077F}.Debug|x86.Build.0 = Debug|Any CPU
		{4DA5C191-4B57-4982-AAD5-246E488B077F}.Release|Any CPU.ActiveCfg = Release|Any CPU
		{4DA5C191-4B57-4982-AAD5-246E488B077F}.Release|Any CPU.Build.0 = Release|Any CPU
		{4DA5C191-4B57-4982-AAD5-246E488B077F}.Release|x64.ActiveCfg = Release|Any CPU
		{4DA5C191-4B57-4982-AAD5-246E488B077F}.Release|x64.Build.0 = Release|Any CPU
		{4DA5C191-4B57-4982-AAD5-246E488B077F}.Release|x86.ActiveCfg = Release|Any CPU
		{4DA5C191-4B57-4982-AAD5-246E488B077F}.Release|x86.Build.0 = Release|Any CPU
		{93B94419-A1EB-4BE7-A39F-2471EF4D3818}.Debug|Any CPU.ActiveCfg = Debug|Any CPU
		{93B94419-A1EB-4BE7-A39F-2471EF4D3818}.Debug|Any CPU.Build.0 = Debug|Any CPU
		{93B94419-A1EB-4BE7-A39F-2471EF4D3818}.Debug|x64.ActiveCfg = Debug|Any CPU
		{93B94419-A1EB-4BE7-A39F-2471EF4D3818}.Debug|x64.Build.0 = Debug|Any CPU
		{93B94419-A1EB-4BE7-A39F-2471EF4D3818}.Debug|x86.ActiveCfg = Debug|Any CPU
		{93B94419-A1EB-4BE7-A39F-2471EF4D3818}.Debug|x86.Build.0 = Debug|Any CPU
		{93B94419-A1EB-4BE7-A39F-2471EF4D3818}.Release|Any CPU.ActiveCfg = Release|Any CPU
		{93B94419-A1EB-4BE7-A39F-2471EF4D3818}.Release|Any CPU.Build.0 = Release|Any CPU
		{93B94419-A1EB-4BE7-A39F-2471EF4D3818}.Release|x64.ActiveCfg = Release|Any CPU
		{93B94419-A1EB-4BE7-A39F-2471EF4D3818}.Release|x64.Build.0 = Release|Any CPU
		{93B94419-A1EB-4BE7-A39F-2471EF4D3818}.Release|x86.ActiveCfg = Release|Any CPU
		{93B94419-A1EB-4BE7-A39F-2471EF4D3818}.Release|x86.Build.0 = Release|Any CPU
		{EE3A9202-479E-4555-8B41-D6EE94B1E784}.Debug|Any CPU.ActiveCfg = Debug|Any CPU
		{EE3A9202-479E-4555-8B41-D6EE94B1E784}.Debug|Any CPU.Build.0 = Debug|Any CPU
		{EE3A9202-479E-4555-8B41-D6EE94B1E784}.Debug|x64.ActiveCfg = Debug|Any CPU
		{EE3A9202-479E-4555-8B41-D6EE94B1E784}.Debug|x64.Build.0 = Debug|Any CPU
		{EE3A9202-479E-4555-8B41-D6EE94B1E784}.Debug|x86.ActiveCfg = Debug|Any CPU
		{EE3A9202-479E-4555-8B41-D6EE94B1E784}.Debug|x86.Build.0 = Debug|Any CPU
		{EE3A9202-479E-4555-8B41-D6EE94B1E784}.Release|Any CPU.ActiveCfg = Release|Any CPU
		{EE3A9202-479E-4555-8B41-D6EE94B1E784}.Release|Any CPU.Build.0 = Release|Any CPU
		{EE3A9202-479E-4555-8B41-D6EE94B1E784}.Release|x64.ActiveCfg = Release|Any CPU
		{EE3A9202-479E-4555-8B41-D6EE94B1E784}.Release|x64.Build.0 = Release|Any CPU
		{EE3A9202-479E-4555-8B41-D6EE94B1E784}.Release|x86.ActiveCfg = Release|Any CPU
		{EE3A9202-479E-4555-8B41-D6EE94B1E784}.Release|x86.Build.0 = Release|Any CPU
		{3634965B-2948-4C9A-B7CF-9D4A7E1B7D94}.Debug|Any CPU.ActiveCfg = Debug|Any CPU
		{3634965B-2948-4C9A-B7CF-9D4A7E1B7D94}.Debug|Any CPU.Build.0 = Debug|Any CPU
		{3634965B-2948-4C9A-B7CF-9D4A7E1B7D94}.Debug|x64.ActiveCfg = Debug|Any CPU
		{3634965B-2948-4C9A-B7CF-9D4A7E1B7D94}.Debug|x64.Build.0 = Debug|Any CPU
		{3634965B-2948-4C9A-B7CF-9D4A7E1B7D94}.Debug|x86.ActiveCfg = Debug|Any CPU
		{3634965B-2948-4C9A-B7CF-9D4A7E1B7D94}.Debug|x86.Build.0 = Debug|Any CPU
		{3634965B-2948-4C9A-B7CF-9D4A7E1B7D94}.Release|Any CPU.ActiveCfg = Release|Any CPU
		{3634965B-2948-4C9A-B7CF-9D4A7E1B7D94}.Release|Any CPU.Build.0 = Release|Any CPU
		{3634965B-2948-4C9A-B7CF-9D4A7E1B7D94}.Release|x64.ActiveCfg = Release|Any CPU
		{3634965B-2948-4C9A-B7CF-9D4A7E1B7D94}.Release|x64.Build.0 = Release|Any CPU
		{3634965B-2948-4C9A-B7CF-9D4A7E1B7D94}.Release|x86.ActiveCfg = Release|Any CPU
		{3634965B-2948-4C9A-B7CF-9D4A7E1B7D94}.Release|x86.Build.0 = Release|Any CPU
		{A1500806-6F5A-4E4F-93B6-F12AB7711105}.Debug|Any CPU.ActiveCfg = Debug|Any CPU
		{A1500806-6F5A-4E4F-93B6-F12AB7711105}.Debug|Any CPU.Build.0 = Debug|Any CPU
		{A1500806-6F5A-4E4F-93B6-F12AB7711105}.Debug|x64.ActiveCfg = Debug|Any CPU
		{A1500806-6F5A-4E4F-93B6-F12AB7711105}.Debug|x64.Build.0 = Debug|Any CPU
		{A1500806-6F5A-4E4F-93B6-F12AB7711105}.Debug|x86.ActiveCfg = Debug|Any CPU
		{A1500806-6F5A-4E4F-93B6-F12AB7711105}.Debug|x86.Build.0 = Debug|Any CPU
		{A1500806-6F5A-4E4F-93B6-F12AB7711105}.Release|Any CPU.ActiveCfg = Release|Any CPU
		{A1500806-6F5A-4E4F-93B6-F12AB7711105}.Release|Any CPU.Build.0 = Release|Any CPU
		{A1500806-6F5A-4E4F-93B6-F12AB7711105}.Release|x64.ActiveCfg = Release|Any CPU
		{A1500806-6F5A-4E4F-93B6-F12AB7711105}.Release|x64.Build.0 = Release|Any CPU
		{A1500806-6F5A-4E4F-93B6-F12AB7711105}.Release|x86.ActiveCfg = Release|Any CPU
		{A1500806-6F5A-4E4F-93B6-F12AB7711105}.Release|x86.Build.0 = Release|Any CPU
		{36D3AF3E-96DF-429A-8371-38E4766E6F00}.Debug|Any CPU.ActiveCfg = Debug|Any CPU
		{36D3AF3E-96DF-429A-8371-38E4766E6F00}.Debug|Any CPU.Build.0 = Debug|Any CPU
		{36D3AF3E-96DF-429A-8371-38E4766E6F00}.Debug|x64.ActiveCfg = Debug|Any CPU
		{36D3AF3E-96DF-429A-8371-38E4766E6F00}.Debug|x64.Build.0 = Debug|Any CPU
		{36D3AF3E-96DF-429A-8371-38E4766E6F00}.Debug|x86.ActiveCfg = Debug|Any CPU
		{36D3AF3E-96DF-429A-8371-38E4766E6F00}.Debug|x86.Build.0 = Debug|Any CPU
		{36D3AF3E-96DF-429A-8371-38E4766E6F00}.Release|Any CPU.ActiveCfg = Release|Any CPU
		{36D3AF3E-96DF-429A-8371-38E4766E6F00}.Release|Any CPU.Build.0 = Release|Any CPU
		{36D3AF3E-96DF-429A-8371-38E4766E6F00}.Release|x64.ActiveCfg = Release|Any CPU
		{36D3AF3E-96DF-429A-8371-38E4766E6F00}.Release|x64.Build.0 = Release|Any CPU
		{36D3AF3E-96DF-429A-8371-38E4766E6F00}.Release|x86.ActiveCfg = Release|Any CPU
		{36D3AF3E-96DF-429A-8371-38E4766E6F00}.Release|x86.Build.0 = Release|Any CPU
		{C78FF901-9AA8-498B-9AF1-2D963EE42C77}.Debug|Any CPU.ActiveCfg = Debug|Any CPU
		{C78FF901-9AA8-498B-9AF1-2D963EE42C77}.Debug|Any CPU.Build.0 = Debug|Any CPU
		{C78FF901-9AA8-498B-9AF1-2D963EE42C77}.Debug|x64.ActiveCfg = Debug|Any CPU
		{C78FF901-9AA8-498B-9AF1-2D963EE42C77}.Debug|x64.Build.0 = Debug|Any CPU
		{C78FF901-9AA8-498B-9AF1-2D963EE42C77}.Debug|x86.ActiveCfg = Debug|Any CPU
		{C78FF901-9AA8-498B-9AF1-2D963EE42C77}.Debug|x86.Build.0 = Debug|Any CPU
		{C78FF901-9AA8-498B-9AF1-2D963EE42C77}.Release|Any CPU.ActiveCfg = Release|Any CPU
		{C78FF901-9AA8-498B-9AF1-2D963EE42C77}.Release|Any CPU.Build.0 = Release|Any CPU
		{C78FF901-9AA8-498B-9AF1-2D963EE42C77}.Release|x64.ActiveCfg = Release|Any CPU
		{C78FF901-9AA8-498B-9AF1-2D963EE42C77}.Release|x64.Build.0 = Release|Any CPU
		{C78FF901-9AA8-498B-9AF1-2D963EE42C77}.Release|x86.ActiveCfg = Release|Any CPU
		{C78FF901-9AA8-498B-9AF1-2D963EE42C77}.Release|x86.Build.0 = Release|Any CPU
		{9838E955-6C0B-410B-B87A-8F76CA495287}.Debug|Any CPU.ActiveCfg = Debug|Any CPU
		{9838E955-6C0B-410B-B87A-8F76CA495287}.Debug|Any CPU.Build.0 = Debug|Any CPU
		{9838E955-6C0B-410B-B87A-8F76CA495287}.Debug|x64.ActiveCfg = Debug|Any CPU
		{9838E955-6C0B-410B-B87A-8F76CA495287}.Debug|x64.Build.0 = Debug|Any CPU
		{9838E955-6C0B-410B-B87A-8F76CA495287}.Debug|x86.ActiveCfg = Debug|Any CPU
		{9838E955-6C0B-410B-B87A-8F76CA495287}.Debug|x86.Build.0 = Debug|Any CPU
		{9838E955-6C0B-410B-B87A-8F76CA495287}.Release|Any CPU.ActiveCfg = Release|Any CPU
		{9838E955-6C0B-410B-B87A-8F76CA495287}.Release|Any CPU.Build.0 = Release|Any CPU
		{9838E955-6C0B-410B-B87A-8F76CA495287}.Release|x64.ActiveCfg = Release|Any CPU
		{9838E955-6C0B-410B-B87A-8F76CA495287}.Release|x64.Build.0 = Release|Any CPU
		{9838E955-6C0B-410B-B87A-8F76CA495287}.Release|x86.ActiveCfg = Release|Any CPU
		{9838E955-6C0B-410B-B87A-8F76CA495287}.Release|x86.Build.0 = Release|Any CPU
		{24983309-0512-4A2F-A863-AA0DD6C2F98B}.Debug|Any CPU.ActiveCfg = Debug|Any CPU
		{24983309-0512-4A2F-A863-AA0DD6C2F98B}.Debug|Any CPU.Build.0 = Debug|Any CPU
		{24983309-0512-4A2F-A863-AA0DD6C2F98B}.Debug|x64.ActiveCfg = Debug|Any CPU
		{24983309-0512-4A2F-A863-AA0DD6C2F98B}.Debug|x64.Build.0 = Debug|Any CPU
		{24983309-0512-4A2F-A863-AA0DD6C2F98B}.Debug|x86.ActiveCfg = Debug|Any CPU
		{24983309-0512-4A2F-A863-AA0DD6C2F98B}.Debug|x86.Build.0 = Debug|Any CPU
		{24983309-0512-4A2F-A863-AA0DD6C2F98B}.Release|Any CPU.ActiveCfg = Release|Any CPU
		{24983309-0512-4A2F-A863-AA0DD6C2F98B}.Release|Any CPU.Build.0 = Release|Any CPU
		{24983309-0512-4A2F-A863-AA0DD6C2F98B}.Release|x64.ActiveCfg = Release|Any CPU
		{24983309-0512-4A2F-A863-AA0DD6C2F98B}.Release|x64.Build.0 = Release|Any CPU
		{24983309-0512-4A2F-A863-AA0DD6C2F98B}.Release|x86.ActiveCfg = Release|Any CPU
		{24983309-0512-4A2F-A863-AA0DD6C2F98B}.Release|x86.Build.0 = Release|Any CPU
		{2A1E1E85-0153-4313-92DB-CE7B7874EDB4}.Debug|Any CPU.ActiveCfg = Debug|Any CPU
		{2A1E1E85-0153-4313-92DB-CE7B7874EDB4}.Debug|Any CPU.Build.0 = Debug|Any CPU
		{2A1E1E85-0153-4313-92DB-CE7B7874EDB4}.Debug|x64.ActiveCfg = Debug|Any CPU
		{2A1E1E85-0153-4313-92DB-CE7B7874EDB4}.Debug|x64.Build.0 = Debug|Any CPU
		{2A1E1E85-0153-4313-92DB-CE7B7874EDB4}.Debug|x86.ActiveCfg = Debug|Any CPU
		{2A1E1E85-0153-4313-92DB-CE7B7874EDB4}.Debug|x86.Build.0 = Debug|Any CPU
		{2A1E1E85-0153-4313-92DB-CE7B7874EDB4}.Release|Any CPU.ActiveCfg = Release|Any CPU
		{2A1E1E85-0153-4313-92DB-CE7B7874EDB4}.Release|Any CPU.Build.0 = Release|Any CPU
		{2A1E1E85-0153-4313-92DB-CE7B7874EDB4}.Release|x64.ActiveCfg = Release|Any CPU
		{2A1E1E85-0153-4313-92DB-CE7B7874EDB4}.Release|x64.Build.0 = Release|Any CPU
		{2A1E1E85-0153-4313-92DB-CE7B7874EDB4}.Release|x86.ActiveCfg = Release|Any CPU
		{2A1E1E85-0153-4313-92DB-CE7B7874EDB4}.Release|x86.Build.0 = Release|Any CPU
		{A1B2C3D4-E5F6-4A5B-9C8D-7E6F5A4B3C2D}.Debug|Any CPU.ActiveCfg = Debug|Any CPU
		{A1B2C3D4-E5F6-4A5B-9C8D-7E6F5A4B3C2D}.Debug|Any CPU.Build.0 = Debug|Any CPU
		{A1B2C3D4-E5F6-4A5B-9C8D-7E6F5A4B3C2D}.Debug|x64.ActiveCfg = Debug|Any CPU
		{A1B2C3D4-E5F6-4A5B-9C8D-7E6F5A4B3C2D}.Debug|x64.Build.0 = Debug|Any CPU
		{A1B2C3D4-E5F6-4A5B-9C8D-7E6F5A4B3C2D}.Debug|x86.ActiveCfg = Debug|Any CPU
		{A1B2C3D4-E5F6-4A5B-9C8D-7E6F5A4B3C2D}.Debug|x86.Build.0 = Debug|Any CPU
		{A1B2C3D4-E5F6-4A5B-9C8D-7E6F5A4B3C2D}.Release|Any CPU.ActiveCfg = Release|Any CPU
		{A1B2C3D4-E5F6-4A5B-9C8D-7E6F5A4B3C2D}.Release|Any CPU.Build.0 = Release|Any CPU
		{A1B2C3D4-E5F6-4A5B-9C8D-7E6F5A4B3C2D}.Release|x64.ActiveCfg = Release|Any CPU
		{A1B2C3D4-E5F6-4A5B-9C8D-7E6F5A4B3C2D}.Release|x64.Build.0 = Release|Any CPU
		{A1B2C3D4-E5F6-4A5B-9C8D-7E6F5A4B3C2D}.Release|x86.ActiveCfg = Release|Any CPU
		{A1B2C3D4-E5F6-4A5B-9C8D-7E6F5A4B3C2D}.Release|x86.Build.0 = Release|Any CPU
		{B2C3D4E5-F6A7-5B6C-AD9E-8F7A6B5C4D3E}.Debug|Any CPU.ActiveCfg = Debug|Any CPU
		{B2C3D4E5-F6A7-5B6C-AD9E-8F7A6B5C4D3E}.Debug|Any CPU.Build.0 = Debug|Any CPU
		{B2C3D4E5-F6A7-5B6C-AD9E-8F7A6B5C4D3E}.Debug|x64.ActiveCfg = Debug|Any CPU
		{B2C3D4E5-F6A7-5B6C-AD9E-8F7A6B5C4D3E}.Debug|x64.Build.0 = Debug|Any CPU
		{B2C3D4E5-F6A7-5B6C-AD9E-8F7A6B5C4D3E}.Debug|x86.ActiveCfg = Debug|Any CPU
		{B2C3D4E5-F6A7-5B6C-AD9E-8F7A6B5C4D3E}.Debug|x86.Build.0 = Debug|Any CPU
		{B2C3D4E5-F6A7-5B6C-AD9E-8F7A6B5C4D3E}.Release|Any CPU.ActiveCfg = Release|Any CPU
		{B2C3D4E5-F6A7-5B6C-AD9E-8F7A6B5C4D3E}.Release|Any CPU.Build.0 = Release|Any CPU
		{B2C3D4E5-F6A7-5B6C-AD9E-8F7A6B5C4D3E}.Release|x64.ActiveCfg = Release|Any CPU
		{B2C3D4E5-F6A7-5B6C-AD9E-8F7A6B5C4D3E}.Release|x64.Build.0 = Release|Any CPU
		{B2C3D4E5-F6A7-5B6C-AD9E-8F7A6B5C4D3E}.Release|x86.ActiveCfg = Release|Any CPU
		{B2C3D4E5-F6A7-5B6C-AD9E-8F7A6B5C4D3E}.Release|x86.Build.0 = Release|Any CPU
		{C3D4E5F6-A7B8-6C7D-BE0F-9A8B7C6D5E4F}.Debug|Any CPU.ActiveCfg = Debug|Any CPU
		{C3D4E5F6-A7B8-6C7D-BE0F-9A8B7C6D5E4F}.Debug|Any CPU.Build.0 = Debug|Any CPU
		{C3D4E5F6-A7B8-6C7D-BE0F-9A8B7C6D5E4F}.Debug|x64.ActiveCfg = Debug|Any CPU
		{C3D4E5F6-A7B8-6C7D-BE0F-9A8B7C6D5E4F}.Debug|x64.Build.0 = Debug|Any CPU
		{C3D4E5F6-A7B8-6C7D-BE0F-9A8B7C6D5E4F}.Debug|x86.ActiveCfg = Debug|Any CPU
		{C3D4E5F6-A7B8-6C7D-BE0F-9A8B7C6D5E4F}.Debug|x86.Build.0 = Debug|Any CPU
		{C3D4E5F6-A7B8-6C7D-BE0F-9A8B7C6D5E4F}.Release|Any CPU.ActiveCfg = Release|Any CPU
		{C3D4E5F6-A7B8-6C7D-BE0F-9A8B7C6D5E4F}.Release|Any CPU.Build.0 = Release|Any CPU
		{C3D4E5F6-A7B8-6C7D-BE0F-9A8B7C6D5E4F}.Release|x64.ActiveCfg = Release|Any CPU
		{C3D4E5F6-A7B8-6C7D-BE0F-9A8B7C6D5E4F}.Release|x64.Build.0 = Release|Any CPU
		{C3D4E5F6-A7B8-6C7D-BE0F-9A8B7C6D5E4F}.Release|x86.ActiveCfg = Release|Any CPU
		{C3D4E5F6-A7B8-6C7D-BE0F-9A8B7C6D5E4F}.Release|x86.Build.0 = Release|Any CPU
	EndGlobalSection
	GlobalSection(SolutionProperties) = preSolution
		HideSolutionNode = FALSE
	EndGlobalSection
	GlobalSection(NestedProjects) = preSolution
		{C8E42992-5E42-0C2B-DBFE-AA848D06431C} = {827E0CD3-B72D-47B6-A68D-7590B98EB39B}
		{E191D29F-701D-4C6C-B143-11ED8827D995} = {C8E42992-5E42-0C2B-DBFE-AA848D06431C}
		{FCA01246-F2C6-0AA7-D43F-FD13BE0B9D88} = {827E0CD3-B72D-47B6-A68D-7590B98EB39B}
		{6A30F8DF-7BB0-42A9-857A-6A7E50918F66} = {FCA01246-F2C6-0AA7-D43F-FD13BE0B9D88}
		{984BB9B3-3FA3-BE33-9484-CAC21695A33C} = {827E0CD3-B72D-47B6-A68D-7590B98EB39B}
		{3E2B1DF2-DE05-3575-DF2D-36857C4CF1E7} = {984BB9B3-3FA3-BE33-9484-CAC21695A33C}
		{76558B7D-240D-40D1-99F0-B1C2AA32AF69} = {3E2B1DF2-DE05-3575-DF2D-36857C4CF1E7}
		{AB6EB271-BD7F-4D38-B780-04EB69B248CD} = {3E2B1DF2-DE05-3575-DF2D-36857C4CF1E7}
		{4DA5C191-4B57-4982-AAD5-246E488B077F} = {3E2B1DF2-DE05-3575-DF2D-36857C4CF1E7}
		{93B94419-A1EB-4BE7-A39F-2471EF4D3818} = {3E2B1DF2-DE05-3575-DF2D-36857C4CF1E7}
		{A66F80FE-429C-45A7-1CBF-DEDEAA960A88} = {984BB9B3-3FA3-BE33-9484-CAC21695A33C}
		{EE3A9202-479E-4555-8B41-D6EE94B1E784} = {A66F80FE-429C-45A7-1CBF-DEDEAA960A88}
		{3634965B-2948-4C9A-B7CF-9D4A7E1B7D94} = {A66F80FE-429C-45A7-1CBF-DEDEAA960A88}
		{A1500806-6F5A-4E4F-93B6-F12AB7711105} = {A66F80FE-429C-45A7-1CBF-DEDEAA960A88}
		{36D3AF3E-96DF-429A-8371-38E4766E6F00} = {A66F80FE-429C-45A7-1CBF-DEDEAA960A88}
		{F38C1DC7-5107-8C8B-527A-C052FA991E90} = {984BB9B3-3FA3-BE33-9484-CAC21695A33C}
		{C78FF901-9AA8-498B-9AF1-2D963EE42C77} = {F38C1DC7-5107-8C8B-527A-C052FA991E90}
		{9838E955-6C0B-410B-B87A-8F76CA495287} = {F38C1DC7-5107-8C8B-527A-C052FA991E90}
		{24983309-0512-4A2F-A863-AA0DD6C2F98B} = {F38C1DC7-5107-8C8B-527A-C052FA991E90}
		{2A1E1E85-0153-4313-92DB-CE7B7874EDB4} = {F38C1DC7-5107-8C8B-527A-C052FA991E90}
		{A1B2C3D4-E5F6-4A5B-9C8D-7E6F5A4B3C2D} = {D8F3A1B2-9C4E-4D6F-8A7B-1E5F2C3D4A5B}
		{B2C3D4E5-F6A7-5B6C-AD9E-8F7A6B5C4D3E} = {D8F3A1B2-9C4E-4D6F-8A7B-1E5F2C3D4A5B}
		{C3D4E5F6-A7B8-6C7D-BE0F-9A8B7C6D5E4F} = {D8F3A1B2-9C4E-4D6F-8A7B-1E5F2C3D4A5B}
	EndGlobalSection
EndGlobal
